
Microsoft Visual Studio Solution File, Format Version 12.00
# Visual Studio Version 17
VisualStudioVersion = 17.0.31919.166
MinimumVisualStudioVersion = 10.0.40219.1
Project("{FAE04EC0-301F-11D3-BF4B-00C04F79EFBC}") = "Advent-Of-Code-2021", "Advent-Of-Code-2021\Advent-Of-Code-2021.csproj", "{998A0658-D2D7-4CA8-9FBA-4A6B68B15653}"
EndProject
Global
	GlobalSection(SolutionConfigurationPlatforms) = preSolution
		Debug|Any CPU = Debug|Any CPU
		Release|Any CPU = Release|Any CPU
	EndGlobalSection
	GlobalSection(ProjectConfigurationPlatforms) = postSolution
		{998A0658-D2D7-4CA8-9FBA-4A6B68B15653}.Debug|Any CPU.ActiveCfg = Debug|Any CPU
		{998A0658-D2D7-4CA8-9FBA-4A6B68B15653}.Debug|Any CPU.Build.0 = Debug|Any CPU
		{998A0658-D2D7-4CA8-9FBA-4A6B68B15653}.Release|Any CPU.ActiveCfg = Release|Any CPU
		{998A0658-D2D7-4CA8-9FBA-4A6B68B15653}.Release|Any CPU.Build.0 = Release|Any CPU
	EndGlobalSection
	GlobalSection(SolutionProperties) = preSolution
		HideSolutionNode = FALSE
	EndGlobalSection
	GlobalSection(ExtensibilityGlobals) = postSolution
		SolutionGuid = {4F72E8CC-FF16-43A0-8F62-3E545FCF6C71}
	EndGlobalSection
EndGlobal
